// !$*UTF8*$!
{
	archiveVersion = 1;
	classes = {
	};
	objectVersion = 46;
	objects = {

/* Begin PBXBuildFile section */
		DD89FE921DBB2CD40012955E /* boost_tests.cpp in Sources */ = {isa = PBXBuildFile; fileRef = DD89FE901DBB2CD40012955E /* boost_tests.cpp */; };
		DD89FE951DBB30110012955E /* test.cpp in Sources */ = {isa = PBXBuildFile; fileRef = DD89FE911DBB2CD40012955E /* test.cpp */; };
		DD89FE961DBB315B0012955E /* main.cpp in Sources */ = {isa = PBXBuildFile; fileRef = DD89FE7E1DBB2C1F0012955E /* main.cpp */; };
/* End PBXBuildFile section */

/* Begin PBXCopyFilesBuildPhase section */
		DD89FE791DBB2C1F0012955E /* CopyFiles */ = {
			isa = PBXCopyFilesBuildPhase;
			buildActionMask = 2147483647;
			dstPath = /usr/share/man/man1/;
			dstSubfolderSpec = 0;
			files = (
			);
			runOnlyForDeploymentPostprocessing = 1;
		};
		DD89FE871DBB2CB20012955E /* CopyFiles */ = {
			isa = PBXCopyFilesBuildPhase;
			buildActionMask = 2147483647;
			dstPath = /usr/share/man/man1/;
			dstSubfolderSpec = 0;
			files = (
			);
			runOnlyForDeploymentPostprocessing = 1;
		};
/* End PBXCopyFilesBuildPhase section */

/* Begin PBXFileReference section */
		DD89FE7B1DBB2C1F0012955E /* 2_lab_2 */ = {isa = PBXFileReference; explicitFileType = "compiled.mach-o.executable"; includeInIndex = 0; path = 2_lab_2; sourceTree = BUILT_PRODUCTS_DIR; };
		DD89FE7E1DBB2C1F0012955E /* main.cpp */ = {isa = PBXFileReference; lastKnownFileType = sourcecode.cpp.cpp; path = main.cpp; sourceTree = "<group>"; };
		DD89FE891DBB2CB20012955E /* tests */ = {isa = PBXFileReference; explicitFileType = "compiled.mach-o.executable"; includeInIndex = 0; path = tests; sourceTree = BUILT_PRODUCTS_DIR; };
		DD89FE901DBB2CD40012955E /* boost_tests.cpp */ = {isa = PBXFileReference; fileEncoding = 4; lastKnownFileType = sourcecode.cpp.cpp; path = boost_tests.cpp; sourceTree = "<group>"; };
		DD89FE911DBB2CD40012955E /* test.cpp */ = {isa = PBXFileReference; fileEncoding = 4; lastKnownFileType = sourcecode.cpp.cpp; path = test.cpp; sourceTree = "<group>"; };
/* End PBXFileReference section */

/* Begin PBXFrameworksBuildPhase section */
		DD89FE781DBB2C1F0012955E /* Frameworks */ = {
			isa = PBXFrameworksBuildPhase;
			buildActionMask = 2147483647;
			files = (
			);
			runOnlyForDeploymentPostprocessing = 0;
		};
		DD89FE861DBB2CB20012955E /* Frameworks */ = {
			isa = PBXFrameworksBuildPhase;
			buildActionMask = 2147483647;
			files = (
			);
			runOnlyForDeploymentPostprocessing = 0;
		};
/* End PBXFrameworksBuildPhase section */

/* Begin PBXGroup section */
		DD89FE721DBB2C1F0012955E = {
			isa = PBXGroup;
			children = (
				DD89FE7D1DBB2C1F0012955E /* 2_lab_2 */,
				DD89FE8A1DBB2CB20012955E /* tests */,
				DD89FE7C1DBB2C1F0012955E /* Products */,
			);
			sourceTree = "<group>";
		};
		DD89FE7C1DBB2C1F0012955E /* Products */ = {
			isa = PBXGroup;
			children = (
				DD89FE7B1DBB2C1F0012955E /* 2_lab_2 */,
				DD89FE891DBB2CB20012955E /* tests */,
			);
			name = Products;
			sourceTree = "<group>";
		};
		DD89FE7D1DBB2C1F0012955E /* 2_lab_2 */ = {
			isa = PBXGroup;
			children = (
				DD89FE7E1DBB2C1F0012955E /* main.cpp */,
			);
			path = 2_lab_2;
			sourceTree = "<group>";
		};
		DD89FE8A1DBB2CB20012955E /* tests */ = {
			isa = PBXGroup;
			children = (
				DD89FE901DBB2CD40012955E /* boost_tests.cpp */,
				DD89FE911DBB2CD40012955E /* test.cpp */,
			);
			path = tests;
			sourceTree = "<group>";
		};
/* End PBXGroup section */

/* Begin PBXNativeTarget section */
		DD89FE7A1DBB2C1F0012955E /* 2_lab_2 */ = {
			isa = PBXNativeTarget;
			buildConfigurationList = DD89FE821DBB2C1F0012955E /* Build configuration list for PBXNativeTarget "2_lab_2" */;
			buildPhases = (
				DD89FE771DBB2C1F0012955E /* Sources */,
				DD89FE781DBB2C1F0012955E /* Frameworks */,
				DD89FE791DBB2C1F0012955E /* CopyFiles */,
			);
			buildRules = (
			);
			dependencies = (
			);
			name = 2_lab_2;
			productName = 2_lab_2;
			productReference = DD89FE7B1DBB2C1F0012955E /* 2_lab_2 */;
			productType = "com.apple.product-type.tool";
		};
		DD89FE881DBB2CB20012955E /* tests */ = {
			isa = PBXNativeTarget;
			buildConfigurationList = DD89FE8D1DBB2CB20012955E /* Build configuration list for PBXNativeTarget "tests" */;
			buildPhases = (
				DD89FE851DBB2CB20012955E /* Sources */,
				DD89FE861DBB2CB20012955E /* Frameworks */,
				DD89FE871DBB2CB20012955E /* CopyFiles */,
			);
			buildRules = (
			);
			dependencies = (
			);
			name = tests;
			productName = tests;
			productReference = DD89FE891DBB2CB20012955E /* tests */;
			productType = "com.apple.product-type.tool";
		};
/* End PBXNativeTarget section */

/* Begin PBXProject section */
		DD89FE731DBB2C1F0012955E /* Project object */ = {
			isa = PBXProject;
			attributes = {
				LastUpgradeCheck = 0800;
				ORGANIZATIONNAME = "Михаил Романов";
				TargetAttributes = {
					DD89FE7A1DBB2C1F0012955E = {
						CreatedOnToolsVersion = 8.0;
						DevelopmentTeam = M3CQ36DHT5;
						ProvisioningStyle = Automatic;
					};
					DD89FE881DBB2CB20012955E = {
						CreatedOnToolsVersion = 8.0;
						DevelopmentTeam = M3CQ36DHT5;
						ProvisioningStyle = Automatic;
					};
				};
			};
			buildConfigurationList = DD89FE761DBB2C1F0012955E /* Build configuration list for PBXProject "2_lab_2" */;
			compatibilityVersion = "Xcode 3.2";
			developmentRegion = English;
			hasScannedForEncodings = 0;
			knownRegions = (
				en,
			);
			mainGroup = DD89FE721DBB2C1F0012955E;
			productRefGroup = DD89FE7C1DBB2C1F0012955E /* Products */;
			projectDirPath = "";
			projectRoot = "";
			targets = (
				DD89FE7A1DBB2C1F0012955E /* 2_lab_2 */,
				DD89FE881DBB2CB20012955E /* tests */,
			);
		};
/* End PBXProject section */

/* Begin PBXSourcesBuildPhase section */
		DD89FE771DBB2C1F0012955E /* Sources */ = {
			isa = PBXSourcesBuildPhase;
			buildActionMask = 2147483647;
			files = (
				DD89FE961DBB315B0012955E /* main.cpp in Sources */,
			);
			runOnlyForDeploymentPostprocessing = 0;
		};
		DD89FE851DBB2CB20012955E /* Sources */ = {
			isa = PBXSourcesBuildPhase;
			buildActionMask = 2147483647;
			files = (
				DD89FE921DBB2CD40012955E /* boost_tests.cpp in Sources */,
				DD89FE951DBB30110012955E /* test.cpp in Sources */,
			);
			runOnlyForDeploymentPostprocessing = 0;
		};
/* End PBXSourcesBuildPhase section */

/* Begin XCBuildConfiguration section */
		DD89FE801DBB2C1F0012955E /* Debug */ = {
			isa = XCBuildConfiguration;
			buildSettings = {
				ALWAYS_SEARCH_USER_PATHS = NO;
				CLANG_ANALYZER_NONNULL = YES;
				CLANG_CXX_LANGUAGE_STANDARD = "gnu++0x";
				CLANG_CXX_LIBRARY = "libc++";
				CLANG_ENABLE_MODULES = YES;
				CLANG_ENABLE_OBJC_ARC = YES;
				CLANG_WARN_BOOL_CONVERSION = YES;
				CLANG_WARN_CONSTANT_CONVERSION = YES;
				CLANG_WARN_DIRECT_OBJC_ISA_USAGE = YES_ERROR;
				CLANG_WARN_DOCUMENTATION_COMMENTS = YES;
				CLANG_WARN_EMPTY_BODY = YES;
				CLANG_WARN_ENUM_CONVERSION = YES;
				CLANG_WARN_INFINITE_RECURSION = YES;
				CLANG_WARN_INT_CONVERSION = YES;
				CLANG_WARN_OBJC_ROOT_CLASS = YES_ERROR;
				CLANG_WARN_SUSPICIOUS_MOVES = YES;
				CLANG_WARN_UNREACHABLE_CODE = YES;
				CLANG_WARN__DUPLICATE_METHOD_MATCH = YES;
				CODE_SIGN_IDENTITY = "-";
				COPY_PHASE_STRIP = NO;
				DEBUG_INFORMATION_FORMAT = dwarf;
				ENABLE_STRICT_OBJC_MSGSEND = YES;
				ENABLE_TESTABILITY = YES;
				GCC_C_LANGUAGE_STANDARD = gnu99;
				GCC_DYNAMIC_NO_PIC = NO;
				GCC_NO_COMMON_BLOCKS = YES;
				GCC_OPTIMIZATION_LEVEL = 0;
				GCC_PREPROCESSOR_DEFINITIONS = (
					"DEBUG=1",
					"$(inherited)",
				);
				GCC_WARN_64_TO_32_BIT_CONVERSION = YES;
				GCC_WARN_ABOUT_RETURN_TYPE = YES_ERROR;
				GCC_WARN_UNDECLARED_SELECTOR = YES;
				GCC_WARN_UNINITIALIZED_AUTOS = YES_AGGRESSIVE;
				GCC_WARN_UNUSED_FUNCTION = YES;
				GCC_WARN_UNUSED_VARIABLE = YES;
				MACOSX_DEPLOYMENT_TARGET = 10.12;
				MTL_ENABLE_DEBUG_INFO = YES;
				ONLY_ACTIVE_ARCH = YES;
				SDKROOT = macosx;
			};
			name = Debug;
		};
		DD89FE811DBB2C1F0012955E /* Release */ = {
			isa = XCBuildConfiguration;
			buildSettings = {
				ALWAYS_SEARCH_USER_PATHS = NO;
				CLANG_ANALYZER_NONNULL = YES;
				CLANG_CXX_LANGUAGE_STANDARD = "gnu++0x";
				CLANG_CXX_LIBRARY = "libc++";
				CLANG_ENABLE_MODULES = YES;
				CLANG_ENABLE_OBJC_ARC = YES;
				CLANG_WARN_BOOL_CONVERSION = YES;
				CLANG_WARN_CONSTANT_CONVERSION = YES;
				CLANG_WARN_DIRECT_OBJC_ISA_USAGE = YES_ERROR;
				CLANG_WARN_DOCUMENTATION_COMMENTS = YES;
				CLANG_WARN_EMPTY_BODY = YES;
				CLANG_WARN_ENUM_CONVERSION = YES;
				CLANG_WARN_INFINITE_RECURSION = YES;
				CLANG_WARN_INT_CONVERSION = YES;
				CLANG_WARN_OBJC_ROOT_CLASS = YES_ERROR;
				CLANG_WARN_SUSPICIOUS_MOVES = YES;
				CLANG_WARN_UNREACHABLE_CODE = YES;
				CLANG_WARN__DUPLICATE_METHOD_MATCH = YES;
				CODE_SIGN_IDENTITY = "-";
				COPY_PHASE_STRIP = NO;
				DEBUG_INFORMATION_FORMAT = "dwarf-with-dsym";
				ENABLE_NS_ASSERTIONS = NO;
				ENABLE_STRICT_OBJC_MSGSEND = YES;
				GCC_C_LANGUAGE_STANDARD = gnu99;
				GCC_NO_COMMON_BLOCKS = YES;
				GCC_WARN_64_TO_32_BIT_CONVERSION = YES;
				GCC_WARN_ABOUT_RETURN_TYPE = YES_ERROR;
				GCC_WARN_UNDECLARED_SELECTOR = YES;
				GCC_WARN_UNINITIALIZED_AUTOS = YES_AGGRESSIVE;
				GCC_WARN_UNUSED_FUNCTION = YES;
				GCC_WARN_UNUSED_VARIABLE = YES;
				MACOSX_DEPLOYMENT_TARGET = 10.12;
				MTL_ENABLE_DEBUG_INFO = NO;
				SDKROOT = macosx;
			};
			name = Release;
		};
		DD89FE831DBB2C1F0012955E /* Debug */ = {
			isa = XCBuildConfiguration;
			buildSettings = {
				DEVELOPMENT_TEAM = M3CQ36DHT5;
				PRODUCT_NAME = "$(TARGET_NAME)";
			};
			name = Debug;
		};
		DD89FE841DBB2C1F0012955E /* Release */ = {
			isa = XCBuildConfiguration;
			buildSettings = {
				DEVELOPMENT_TEAM = M3CQ36DHT5;
				PRODUCT_NAME = "$(TARGET_NAME)";
			};
			name = Release;
		};
		DD89FE8E1DBB2CB20012955E /* Debug */ = {
			isa = XCBuildConfiguration;
			buildSettings = {
				DEVELOPMENT_TEAM = M3CQ36DHT5;
				HEADER_SEARCH_PATHS = /usr/local/Cellar/boost/1.61.0_1/include;
				LIBRARY_SEARCH_PATHS = /usr/local/Cellar/boost/1.61.0_1/lib;
				OTHER_LDFLAGS = "-lboost_unit_test_framework";
				PRODUCT_NAME = "$(TARGET_NAME)";
			};
			name = Debug;
		};
		DD89FE8F1DBB2CB20012955E /* Release */ = {
			isa = XCBuildConfiguration;
			buildSettings = {
				DEVELOPMENT_TEAM = M3CQ36DHT5;
				HEADER_SEARCH_PATHS = /usr/local/Cellar/boost/1.61.0_1/include;
				LIBRARY_SEARCH_PATHS = /usr/local/Cellar/boost/1.61.0_1/lib;
				OTHER_LDFLAGS = "-lboost_unit_test_framework";
				PRODUCT_NAME = "$(TARGET_NAME)";
			};
			name = Release;
		};
/* End XCBuildConfiguration section */

/* Begin XCConfigurationList section */
		DD89FE761DBB2C1F0012955E /* Build configuration list for PBXProject "2_lab_2" */ = {
			isa = XCConfigurationList;
			buildConfigurations = (
				DD89FE801DBB2C1F0012955E /* Debug */,
				DD89FE811DBB2C1F0012955E /* Release */,
			);
			defaultConfigurationIsVisible = 0;
			defaultConfigurationName = Release;
		};
		DD89FE821DBB2C1F0012955E /* Build configuration list for PBXNativeTarget "2_lab_2" */ = {
			isa = XCConfigurationList;
			buildConfigurations = (
				DD89FE831DBB2C1F0012955E /* Debug */,
				DD89FE841DBB2C1F0012955E /* Release */,
			);
			defaultConfigurationIsVisible = 0;
		};
		DD89FE8D1DBB2CB20012955E /* Build configuration list for PBXNativeTarget "tests" */ = {
			isa = XCConfigurationList;
			buildConfigurations = (
				DD89FE8E1DBB2CB20012955E /* Debug */,
				DD89FE8F1DBB2CB20012955E /* Release */,
			);
			defaultConfigurationIsVisible = 0;
		};
/* End XCConfigurationList section */
	};
	rootObject = DD89FE731DBB2C1F0012955E /* Project object */;
}
