// !$*UTF8*$!
{
	archiveVersion = 1;
	classes = {
	};
	objectVersion = 46;
	objects = {

/* Begin PBXBuildFile section */
		874045321DD6324900C5A312 /* Canvas.cpp in Sources */ = {isa = PBXBuildFile; fileRef = 874045301DD6324900C5A312 /* Canvas.cpp */; };
		877F83151DD6F26D00F9F544 /* Rectangle.cpp in Sources */ = {isa = PBXBuildFile; fileRef = DDDB893E1DCDAC5E005E9CED /* Rectangle.cpp */; };
		DD5214631DCCE79C00753DDA /* tests.cpp in Sources */ = {isa = PBXBuildFile; fileRef = DD222DF31DC46C860094FEE8 /* tests.cpp */; };
		DD5214641DCCE79F00753DDA /* RectangleTests.cpp in Sources */ = {isa = PBXBuildFile; fileRef = DD222DF11DC46C860094FEE8 /* RectangleTests.cpp */; };
		DDB5A0261DC3B54B00205173 /* main.cpp in Sources */ = {isa = PBXBuildFile; fileRef = DDB5A0251DC3B54B00205173 /* main.cpp */; };
		DDDB893F1DCDAC5E005E9CED /* Rectangle.cpp in Sources */ = {isa = PBXBuildFile; fileRef = DDDB893E1DCDAC5E005E9CED /* Rectangle.cpp */; };
/* End PBXBuildFile section */

/* Begin PBXCopyFilesBuildPhase section */
		DD52145A1DCCE79500753DDA /* CopyFiles */ = {
			isa = PBXCopyFilesBuildPhase;
			buildActionMask = 2147483647;
			dstPath = /usr/share/man/man1/;
			dstSubfolderSpec = 0;
			files = (
			);
			runOnlyForDeploymentPostprocessing = 1;
		};
		DDB5A0201DC3B54B00205173 /* CopyFiles */ = {
			isa = PBXCopyFilesBuildPhase;
			buildActionMask = 2147483647;
			dstPath = /usr/share/man/man1/;
			dstSubfolderSpec = 0;
			files = (
			);
			runOnlyForDeploymentPostprocessing = 1;
		};
/* End PBXCopyFilesBuildPhase section */

/* Begin PBXFileReference section */
		874045301DD6324900C5A312 /* Canvas.cpp */ = {isa = PBXFileReference; fileEncoding = 4; lastKnownFileType = sourcecode.cpp.cpp; path = Canvas.cpp; sourceTree = "<group>"; };
		874045311DD6324900C5A312 /* Canvas.h */ = {isa = PBXFileReference; fileEncoding = 4; lastKnownFileType = sourcecode.c.h; path = Canvas.h; sourceTree = "<group>"; };
		DD222DF11DC46C860094FEE8 /* RectangleTests.cpp */ = {isa = PBXFileReference; lastKnownFileType = sourcecode.cpp.cpp; path = RectangleTests.cpp; sourceTree = "<group>"; wrapsLines = 1; };
		DD222DF31DC46C860094FEE8 /* tests.cpp */ = {isa = PBXFileReference; lastKnownFileType = sourcecode.cpp.cpp; path = tests.cpp; sourceTree = "<group>"; };
		DD52145C1DCCE79500753DDA /* tests */ = {isa = PBXFileReference; explicitFileType = "compiled.mach-o.executable"; includeInIndex = 0; path = tests; sourceTree = BUILT_PRODUCTS_DIR; };
		DDB5A0221DC3B54B00205173 /* 3_lab_1 */ = {isa = PBXFileReference; explicitFileType = "compiled.mach-o.executable"; includeInIndex = 0; path = 3_lab_1; sourceTree = BUILT_PRODUCTS_DIR; };
		DDB5A0251DC3B54B00205173 /* main.cpp */ = {isa = PBXFileReference; lastKnownFileType = sourcecode.cpp.cpp; path = main.cpp; sourceTree = "<group>"; };
		DDB5A02C1DC3B57F00205173 /* Rectangle.h */ = {isa = PBXFileReference; fileEncoding = 4; lastKnownFileType = sourcecode.c.h; path = Rectangle.h; sourceTree = "<group>"; };
		DDDB893E1DCDAC5E005E9CED /* Rectangle.cpp */ = {isa = PBXFileReference; fileEncoding = 4; lastKnownFileType = sourcecode.cpp.cpp; path = Rectangle.cpp; sourceTree = "<group>"; };
/* End PBXFileReference section */

/* Begin PBXFrameworksBuildPhase section */
		DD5214591DCCE79500753DDA /* Frameworks */ = {
			isa = PBXFrameworksBuildPhase;
			buildActionMask = 2147483647;
			files = (
			);
			runOnlyForDeploymentPostprocessing = 0;
		};
		DDB5A01F1DC3B54B00205173 /* Frameworks */ = {
			isa = PBXFrameworksBuildPhase;
			buildActionMask = 2147483647;
			files = (
			);
			runOnlyForDeploymentPostprocessing = 0;
		};
/* End PBXFrameworksBuildPhase section */

/* Begin PBXGroup section */
		DD222DF01DC46C860094FEE8 /* tests */ = {
			isa = PBXGroup;
			children = (
				DD222DF11DC46C860094FEE8 /* RectangleTests.cpp */,
				DD222DF31DC46C860094FEE8 /* tests.cpp */,
			);
			path = tests;
			sourceTree = "<group>";
		};
		DDB5A0191DC3B54B00205173 = {
			isa = PBXGroup;
			children = (
				DD222DF01DC46C860094FEE8 /* tests */,
				DDB5A0241DC3B54B00205173 /* 3_lab_1 */,
				DDB5A0231DC3B54B00205173 /* Products */,
			);
			sourceTree = "<group>";
		};
		DDB5A0231DC3B54B00205173 /* Products */ = {
			isa = PBXGroup;
			children = (
				DDB5A0221DC3B54B00205173 /* 3_lab_1 */,
				DD52145C1DCCE79500753DDA /* tests */,
			);
			name = Products;
			sourceTree = "<group>";
		};
		DDB5A0241DC3B54B00205173 /* 3_lab_1 */ = {
			isa = PBXGroup;
			children = (
				DDB5A0251DC3B54B00205173 /* main.cpp */,
				DDB5A02C1DC3B57F00205173 /* Rectangle.h */,
				DDDB893E1DCDAC5E005E9CED /* Rectangle.cpp */,
				874045311DD6324900C5A312 /* Canvas.h */,
				874045301DD6324900C5A312 /* Canvas.cpp */,
			);
			path = 3_lab_1;
			sourceTree = "<group>";
		};
/* End PBXGroup section */

/* Begin PBXNativeTarget section */
		DD52145B1DCCE79500753DDA /* tests */ = {
			isa = PBXNativeTarget;
			buildConfigurationList = DD5214621DCCE79500753DDA /* Build configuration list for PBXNativeTarget "tests" */;
			buildPhases = (
				DD5214581DCCE79500753DDA /* Sources */,
				DD5214591DCCE79500753DDA /* Frameworks */,
				DD52145A1DCCE79500753DDA /* CopyFiles */,
			);
			buildRules = (
			);
			dependencies = (
			);
			name = tests;
			productName = tests;
			productReference = DD52145C1DCCE79500753DDA /* tests */;
			productType = "com.apple.product-type.tool";
		};
		DDB5A0211DC3B54B00205173 /* 3_lab_1 */ = {
			isa = PBXNativeTarget;
			buildConfigurationList = DDB5A0291DC3B54B00205173 /* Build configuration list for PBXNativeTarget "3_lab_1" */;
			buildPhases = (
				DDB5A01E1DC3B54B00205173 /* Sources */,
				DDB5A01F1DC3B54B00205173 /* Frameworks */,
				DDB5A0201DC3B54B00205173 /* CopyFiles */,
			);
			buildRules = (
			);
			dependencies = (
			);
			name = 3_lab_1;
			productName = 3_lab_1;
			productReference = DDB5A0221DC3B54B00205173 /* 3_lab_1 */;
			productType = "com.apple.product-type.tool";
		};
/* End PBXNativeTarget section */

/* Begin PBXProject section */
		DDB5A01A1DC3B54B00205173 /* Project object */ = {
			isa = PBXProject;
			attributes = {
				LastUpgradeCheck = 0810;
				ORGANIZATIONNAME = "Михаил Романов";
				TargetAttributes = {
					DD52145B1DCCE79500753DDA = {
						CreatedOnToolsVersion = 8.0;
						DevelopmentTeam = M3CQ36DHT5;
						ProvisioningStyle = Automatic;
					};
					DDB5A0211DC3B54B00205173 = {
						CreatedOnToolsVersion = 8.0;
						DevelopmentTeam = M3CQ36DHT5;
						ProvisioningStyle = Automatic;
					};
				};
			};
			buildConfigurationList = DDB5A01D1DC3B54B00205173 /* Build configuration list for PBXProject "3_lab_1" */;
			compatibilityVersion = "Xcode 3.2";
			developmentRegion = English;
			hasScannedForEncodings = 0;
			knownRegions = (
				en,
			);
			mainGroup = DDB5A0191DC3B54B00205173;
			productRefGroup = DDB5A0231DC3B54B00205173 /* Products */;
			projectDirPath = "";
			projectRoot = "";
			targets = (
				DDB5A0211DC3B54B00205173 /* 3_lab_1 */,
				DD52145B1DCCE79500753DDA /* tests */,
			);
		};
/* End PBXProject section */

/* Begin PBXSourcesBuildPhase section */
		DD5214581DCCE79500753DDA /* Sources */ = {
			isa = PBXSourcesBuildPhase;
			buildActionMask = 2147483647;
			files = (
				877F83151DD6F26D00F9F544 /* Rectangle.cpp in Sources */,
				DD5214641DCCE79F00753DDA /* RectangleTests.cpp in Sources */,
				DD5214631DCCE79C00753DDA /* tests.cpp in Sources */,
			);
			runOnlyForDeploymentPostprocessing = 0;
		};
		DDB5A01E1DC3B54B00205173 /* Sources */ = {
			isa = PBXSourcesBuildPhase;
			buildActionMask = 2147483647;
			files = (
				DDB5A0261DC3B54B00205173 /* main.cpp in Sources */,
				DDDB893F1DCDAC5E005E9CED /* Rectangle.cpp in Sources */,
				874045321DD6324900C5A312 /* Canvas.cpp in Sources */,
			);
			runOnlyForDeploymentPostprocessing = 0;
		};
/* End PBXSourcesBuildPhase section */

/* Begin XCBuildConfiguration section */
		DD5214601DCCE79500753DDA /* Debug */ = {
			isa = XCBuildConfiguration;
			buildSettings = {
				DEVELOPMENT_TEAM = M3CQ36DHT5;
				HEADER_SEARCH_PATHS = /usr/local/Cellar/boost/1.62.0/include;
				LIBRARY_SEARCH_PATHS = /usr/local/Cellar/boost/1.62.0/lib;
				OTHER_LDFLAGS = "-lboost_unit_test_framework";
				PRODUCT_NAME = "$(TARGET_NAME)";
			};
			name = Debug;
		};
		DD5214611DCCE79500753DDA /* Release */ = {
			isa = XCBuildConfiguration;
			buildSettings = {
				DEVELOPMENT_TEAM = M3CQ36DHT5;
				HEADER_SEARCH_PATHS = /usr/local/Cellar/boost/1.62.0/include;
				LIBRARY_SEARCH_PATHS = /usr/local/Cellar/boost/1.62.0/lib;
				OTHER_LDFLAGS = "-lboost_unit_test_framework";
				PRODUCT_NAME = "$(TARGET_NAME)";
			};
			name = Release;
		};
		DDB5A0271DC3B54B00205173 /* Debug */ = {
			isa = XCBuildConfiguration;
			buildSettings = {
				ALWAYS_SEARCH_USER_PATHS = NO;
				CLANG_ANALYZER_NONNULL = YES;
				CLANG_CXX_LANGUAGE_STANDARD = "gnu++0x";
				CLANG_CXX_LIBRARY = "libc++";
				CLANG_ENABLE_MODULES = YES;
				CLANG_ENABLE_OBJC_ARC = YES;
				CLANG_WARN_BOOL_CONVERSION = YES;
				CLANG_WARN_CONSTANT_CONVERSION = YES;
				CLANG_WARN_DIRECT_OBJC_ISA_USAGE = YES_ERROR;
				CLANG_WARN_DOCUMENTATION_COMMENTS = YES;
				CLANG_WARN_EMPTY_BODY = YES;
				CLANG_WARN_ENUM_CONVERSION = YES;
				CLANG_WARN_INFINITE_RECURSION = YES;
				CLANG_WARN_INT_CONVERSION = YES;
				CLANG_WARN_OBJC_ROOT_CLASS = YES_ERROR;
				CLANG_WARN_SUSPICIOUS_MOVE = YES;
				CLANG_WARN_SUSPICIOUS_MOVES = YES;
				CLANG_WARN_UNREACHABLE_CODE = YES;
				CLANG_WARN__DUPLICATE_METHOD_MATCH = YES;
				CODE_SIGN_IDENTITY = "-";
				COPY_PHASE_STRIP = NO;
				DEBUG_INFORMATION_FORMAT = dwarf;
				ENABLE_STRICT_OBJC_MSGSEND = YES;
				ENABLE_TESTABILITY = YES;
				GCC_C_LANGUAGE_STANDARD = gnu99;
				GCC_DYNAMIC_NO_PIC = NO;
				GCC_NO_COMMON_BLOCKS = YES;
				GCC_OPTIMIZATION_LEVEL = 0;
				GCC_PREPROCESSOR_DEFINITIONS = (
					"DEBUG=1",
					"$(inherited)",
				);
				GCC_WARN_64_TO_32_BIT_CONVERSION = YES;
				GCC_WARN_ABOUT_RETURN_TYPE = YES_ERROR;
				GCC_WARN_UNDECLARED_SELECTOR = YES;
				GCC_WARN_UNINITIALIZED_AUTOS = YES_AGGRESSIVE;
				GCC_WARN_UNUSED_FUNCTION = YES;
				GCC_WARN_UNUSED_VARIABLE = YES;
				MACOSX_DEPLOYMENT_TARGET = 10.12;
				MTL_ENABLE_DEBUG_INFO = YES;
				ONLY_ACTIVE_ARCH = YES;
				SDKROOT = macosx;
			};
			name = Debug;
		};
		DDB5A0281DC3B54B00205173 /* Release */ = {
			isa = XCBuildConfiguration;
			buildSettings = {
				ALWAYS_SEARCH_USER_PATHS = NO;
				CLANG_ANALYZER_NONNULL = YES;
				CLANG_CXX_LANGUAGE_STANDARD = "gnu++0x";
				CLANG_CXX_LIBRARY = "libc++";
				CLANG_ENABLE_MODULES = YES;
				CLANG_ENABLE_OBJC_ARC = YES;
				CLANG_WARN_BOOL_CONVERSION = YES;
				CLANG_WARN_CONSTANT_CONVERSION = YES;
				CLANG_WARN_DIRECT_OBJC_ISA_USAGE = YES_ERROR;
				CLANG_WARN_DOCUMENTATION_COMMENTS = YES;
				CLANG_WARN_EMPTY_BODY = YES;
				CLANG_WARN_ENUM_CONVERSION = YES;
				CLANG_WARN_INFINITE_RECURSION = YES;
				CLANG_WARN_INT_CONVERSION = YES;
				CLANG_WARN_OBJC_ROOT_CLASS = YES_ERROR;
				CLANG_WARN_SUSPICIOUS_MOVE = YES;
				CLANG_WARN_SUSPICIOUS_MOVES = YES;
				CLANG_WARN_UNREACHABLE_CODE = YES;
				CLANG_WARN__DUPLICATE_METHOD_MATCH = YES;
				CODE_SIGN_IDENTITY = "-";
				COPY_PHASE_STRIP = NO;
				DEBUG_INFORMATION_FORMAT = "dwarf-with-dsym";
				ENABLE_NS_ASSERTIONS = NO;
				ENABLE_STRICT_OBJC_MSGSEND = YES;
				GCC_C_LANGUAGE_STANDARD = gnu99;
				GCC_NO_COMMON_BLOCKS = YES;
				GCC_WARN_64_TO_32_BIT_CONVERSION = YES;
				GCC_WARN_ABOUT_RETURN_TYPE = YES_ERROR;
				GCC_WARN_UNDECLARED_SELECTOR = YES;
				GCC_WARN_UNINITIALIZED_AUTOS = YES_AGGRESSIVE;
				GCC_WARN_UNUSED_FUNCTION = YES;
				GCC_WARN_UNUSED_VARIABLE = YES;
				MACOSX_DEPLOYMENT_TARGET = 10.12;
				MTL_ENABLE_DEBUG_INFO = NO;
				SDKROOT = macosx;
			};
			name = Release;
		};
		DDB5A02A1DC3B54B00205173 /* Debug */ = {
			isa = XCBuildConfiguration;
			buildSettings = {
				DEVELOPMENT_TEAM = M3CQ36DHT5;
				PRODUCT_NAME = "$(TARGET_NAME)";
			};
			name = Debug;
		};
		DDB5A02B1DC3B54B00205173 /* Release */ = {
			isa = XCBuildConfiguration;
			buildSettings = {
				DEVELOPMENT_TEAM = M3CQ36DHT5;
				PRODUCT_NAME = "$(TARGET_NAME)";
			};
			name = Release;
		};
/* End XCBuildConfiguration section */

/* Begin XCConfigurationList section */
		DD5214621DCCE79500753DDA /* Build configuration list for PBXNativeTarget "tests" */ = {
			isa = XCConfigurationList;
			buildConfigurations = (
				DD5214601DCCE79500753DDA /* Debug */,
				DD5214611DCCE79500753DDA /* Release */,
			);
			defaultConfigurationIsVisible = 0;
			defaultConfigurationName = Release;
		};
		DDB5A01D1DC3B54B00205173 /* Build configuration list for PBXProject "3_lab_1" */ = {
			isa = XCConfigurationList;
			buildConfigurations = (
				DDB5A0271DC3B54B00205173 /* Debug */,
				DDB5A0281DC3B54B00205173 /* Release */,
			);
			defaultConfigurationIsVisible = 0;
			defaultConfigurationName = Release;
		};
		DDB5A0291DC3B54B00205173 /* Build configuration list for PBXNativeTarget "3_lab_1" */ = {
			isa = XCConfigurationList;
			buildConfigurations = (
				DDB5A02A1DC3B54B00205173 /* Debug */,
				DDB5A02B1DC3B54B00205173 /* Release */,
			);
			defaultConfigurationIsVisible = 0;
			defaultConfigurationName = Release;
		};
/* End XCConfigurationList section */
	};
	rootObject = DDB5A01A1DC3B54B00205173 /* Project object */;
}
